dependencies:
- name: neurox-workload-agent
  repository: oci://ghcr.io/neuroxhq/dev-helm-charts
  version: 2.10.0
- name: neurox-workload-manager
  repository: oci://ghcr.io/neuroxhq/dev-helm-charts
  version: 2.18.0
digest: sha256:05ae2d8a50fd6ef614f54018820648e64e917886d917d88b84cd2fd51e37c42b
generated: "2025-04-18T22:35:32.118571927Z"
