dependencies:
- name: neurox-control-api
  repository: oci://ghcr.io/neuroxhq/helm-charts
  version: 2.215.2
- name: neurox-control-portal
  repository: oci://ghcr.io/neuroxhq/helm-charts
  version: 1.243.0
- name: redis
  repository: oci://registry-1.docker.io/bitnamicharts
  version: 20.11.3
- name: neurox-control-manager
  repository: oci://ghcr.io/neuroxhq/helm-charts
  version: 1.134.0
- name: thanos
  repository: oci://registry-1.docker.io/bitnamicharts
  version: 15.13.2
- name: neurox-workload
  repository: oci://ghcr.io/neuroxhq/helm-charts
  version: 2.0.0
digest: sha256:88f00f44919d19a1aece0395c485d85c4ba408522200b7e1a5af13112e20d8ab
generated: "2025-04-16T05:06:05.414897209Z"
