dependencies:
- name: neurox-control-api
  repository: oci://ghcr.io/neuroxhq/helm-charts
  version: 2.215.2
- name: neurox-control-portal
  repository: oci://ghcr.io/neuroxhq/helm-charts
  version: 1.245.0
- name: redis
  repository: oci://registry-1.docker.io/bitnamicharts
  version: 20.11.3
- name: neurox-control-manager
  repository: oci://ghcr.io/neuroxhq/helm-charts
  version: 1.135.1
- name: thanos
  repository: oci://registry-1.docker.io/bitnamicharts
  version: 15.13.2
- name: neurox-workload
  repository: oci://ghcr.io/neuroxhq/helm-charts
  version: 2.0.0
digest: sha256:d931e47cc3e965441336f0f1af162c7aba26cef831cbae133a9d9b0650cc639c
generated: "2025-04-16T22:13:07.959301657Z"
