dependencies:
- name: neurox-control-api
  repository: oci://ghcr.io/neuroxhq/helm-charts
  version: 2.177.1
- name: neurox-control-portal
  repository: oci://ghcr.io/neuroxhq/helm-charts
  version: 1.190.0
- name: redis
  repository: oci://registry-1.docker.io/bitnamicharts
  version: 20.11.3
- name: neurox-control-scheduler
  repository: oci://ghcr.io/neuroxhq/helm-charts
  version: 1.95.0
- name: thanos
  repository: oci://registry-1.docker.io/bitnamicharts
  version: 15.13.2
- name: neurox-workload
  repository: oci://ghcr.io/neuroxhq/helm-charts
  version: 1.14.6
digest: sha256:235ee5dc1ee90fd8986a24936280208ce06ff2a14c62962c59dd9b2f7b71bf3e
generated: "2025-03-14T23:55:03.04615746Z"
